
Microsoft Visual Studio Solution File, Format Version 12.00
# Visual Studio Version 16
VisualStudioVersion = 16.0.30225.117
MinimumVisualStudioVersion = 10.0.40219.1
Project("{FAE04EC0-301F-11D3-BF4B-00C04F79EFBC}") = "SKYDDNS", "SKYDDNS\SKYDDNS.csproj", "{5CA189F7-4E56-4C7F-A2F2-CA9581F2C406}"
EndProject
Global
	GlobalSection(SolutionConfigurationPlatforms) = preSolution
		Debug|Any CPU = Debug|Any CPU
		Release|Any CPU = Release|Any CPU
	EndGlobalSection
	GlobalSection(ProjectConfigurationPlatforms) = postSolution
		{5CA189F7-4E56-4C7F-A2F2-CA9581F2C406}.Debug|Any CPU.ActiveCfg = Debug|Any CPU
		{5CA189F7-4E56-4C7F-A2F2-CA9581F2C406}.Debug|Any CPU.Build.0 = Debug|Any CPU
		{5CA189F7-4E56-4C7F-A2F2-CA9581F2C406}.Release|Any CPU.ActiveCfg = Release|Any CPU
		{5CA189F7-4E56-4C7F-A2F2-CA9581F2C406}.Release|Any CPU.Build.0 = Release|Any CPU
	EndGlobalSection
	GlobalSection(SolutionProperties) = preSolution
		HideSolutionNode = FALSE
	EndGlobalSection
	GlobalSection(ExtensibilityGlobals) = postSolution
		SolutionGuid = {FD2C594B-0AEC-441A-9ECC-D743445B6B8D}
	EndGlobalSection
EndGlobal
